
Microsoft Visual Studio Solution File, Format Version 12.00
# Visual Studio Version 17
VisualStudioVersion = 17.0.31903.59
MinimumVisualStudioVersion = 10.0.40219.1
Project("{2150E333-8FDC-42A3-9474-1A3956D46DE8}") = "tests", "tests", "{9C6A17A5-D6B9-44BE-9574-5D2DC0AA6395}"
EndProject
Project("{FAE04EC0-301F-11D3-BF4B-00C04F79EFBC}") = "HexagonalArch.Adapter.Http.Test", "tests\HexagonalArch.Adapter.Http.Test\HexagonalArch.Adapter.Http.Test.csproj", "{D22B94BA-C2D7-477C-8A74-8AA75BEDA0E8}"
EndProject
Project("{FAE04EC0-301F-11D3-BF4B-00C04F79EFBC}") = "HexagonalArch.Application.Test", "tests\HexagonalArch.Application.Test\HexagonalArch.Application.Test.csproj", "{70888A55-D50B-4C6F-857B-7AC5943ADDD1}"
EndProject
Project("{FAE04EC0-301F-11D3-BF4B-00C04F79EFBC}") = "HexagonalArch.Domain.Test", "tests\HexagonalArch.Domain.Test\HexagonalArch.Domain.Test.csproj", "{7D6B62B6-D331-4EDA-A342-12CA291367E7}"
EndProject
Project("{2150E333-8FDC-42A3-9474-1A3956D46DE8}") = "src", "src", "{7481C4A2-1668-49D9-B2DF-23321B6226E6}"
EndProject
Project("{2150E333-8FDC-42A3-9474-1A3956D46DE8}") = "2-Core", "2-Core", "{AF37F46B-AAD3-4D4F-A156-6E7697271B15}"
EndProject
Project("{FAE04EC0-301F-11D3-BF4B-00C04F79EFBC}") = "HexagonalArch.Application", "src\HexagonalArch.Application\HexagonalArch.Application.csproj", "{5C06F9F5-17CF-456F-BDCF-989CB34EC89C}"
EndProject
Project("{2150E333-8FDC-42A3-9474-1A3956D46DE8}") = "3-Adapters", "3-Adapters", "{439115CB-87E2-4D82-8D4E-85A12919CCD6}"
EndProject
Project("{FAE04EC0-301F-11D3-BF4B-00C04F79EFBC}") = "HexagonalArch.Adapter.Http", "src\HexagonalArch.Adapter.Http\HexagonalArch.Adapter.Http.csproj", "{EAFFD6D8-37F2-44EC-8521-916741F78D5D}"
EndProject
Project("{2150E333-8FDC-42A3-9474-1A3956D46DE8}") = "1-EntryPoints", "1-EntryPoints", "{DE13538E-ABE7-417F-B453-7AF107A918CB}"
EndProject
Project("{FAE04EC0-301F-11D3-BF4B-00C04F79EFBC}") = "HexagonalArch.EntryPoint", "src\HexagonalArch.EntryPoint\HexagonalArch.EntryPoint.csproj", "{C415F62B-7D20-4DAD-9365-D8F7154D97A3}"
EndProject
Project("{FAE04EC0-301F-11D3-BF4B-00C04F79EFBC}") = "HexagonalArch.Domain", "src\HexagonalArch.Domain\HexagonalArch.Domain.csproj", "{49D1B845-A5DF-4DA9-880B-CB6D4F4698FB}"
EndProject
Project("{FAE04EC0-301F-11D3-BF4B-00C04F79EFBC}") = "HexagonalArch.Adapter.BusProcess", "src\HexagonalArch.Adapter.BusProcess\HexagonalArch.Adapter.BusProcess.csproj", "{2884C3D6-4E5D-44C1-A70B-4517A05F5783}"
EndProject
Project("{FAE04EC0-301F-11D3-BF4B-00C04F79EFBC}") = "HexagonlArch.Adapter.BusProcess.Test", "tests\HexagonalArch.Adapter.BusProcess.Test\HexagonlArch.Adapter.BusProcess.Test.csproj", "{6D318B8D-3D6B-4F1B-941D-BE96320F4AD2}"
EndProject
Project("{FAE04EC0-301F-11D3-BF4B-00C04F79EFBC}") = "HexagonalArch.Adapter.Cache.Test", "tests\HexagonalArch.Adapter.Cache.Test\HexagonalArch.Adapter.Cache.Test.csproj", "{142C6441-2437-4340-AF49-403AF6785340}"
EndProject
Project("{FAE04EC0-301F-11D3-BF4B-00C04F79EFBC}") = "HexagonalArch.Adapter.Persistance.Test", "tests\HexagonalArch.Adapter.Persistance.Test\HexagonalArch.Adapter.Persistance.Test.csproj", "{B4AADC13-04FA-4DCB-BB7A-24804605AF4F}"
EndProject
Project("{FAE04EC0-301F-11D3-BF4B-00C04F79EFBC}") = "HexagonalArch.Adapter.Cache", "src\HexagonalArch.Adapter.Cache\HexagonalArch.Adapter.Cache.csproj", "{0BECF84A-B0A0-4127-92DA-24E1C6671FBC}"
EndProject
Project("{FAE04EC0-301F-11D3-BF4B-00C04F79EFBC}") = "HexagonalArch.Adapter.Persistance", "src\HexagonalArch.Adapter.Persistance\HexagonalArch.Adapter.Persistance.csproj", "{B10EA37D-D0A7-4757-A69E-422C68B4C4AE}"
EndProject
Global
	GlobalSection(SolutionConfigurationPlatforms) = preSolution
		Debug|Any CPU = Debug|Any CPU
		Release|Any CPU = Release|Any CPU
	EndGlobalSection
	GlobalSection(ProjectConfigurationPlatforms) = postSolution
		{D22B94BA-C2D7-477C-8A74-8AA75BEDA0E8}.Debug|Any CPU.ActiveCfg = Debug|Any CPU
		{D22B94BA-C2D7-477C-8A74-8AA75BEDA0E8}.Debug|Any CPU.Build.0 = Debug|Any CPU
		{D22B94BA-C2D7-477C-8A74-8AA75BEDA0E8}.Release|Any CPU.ActiveCfg = Release|Any CPU
		{D22B94BA-C2D7-477C-8A74-8AA75BEDA0E8}.Release|Any CPU.Build.0 = Release|Any CPU
		{70888A55-D50B-4C6F-857B-7AC5943ADDD1}.Debug|Any CPU.ActiveCfg = Debug|Any CPU
		{70888A55-D50B-4C6F-857B-7AC5943ADDD1}.Debug|Any CPU.Build.0 = Debug|Any CPU
		{70888A55-D50B-4C6F-857B-7AC5943ADDD1}.Release|Any CPU.ActiveCfg = Release|Any CPU
		{70888A55-D50B-4C6F-857B-7AC5943ADDD1}.Release|Any CPU.Build.0 = Release|Any CPU
		{7D6B62B6-D331-4EDA-A342-12CA291367E7}.Debug|Any CPU.ActiveCfg = Debug|Any CPU
		{7D6B62B6-D331-4EDA-A342-12CA291367E7}.Debug|Any CPU.Build.0 = Debug|Any CPU
		{7D6B62B6-D331-4EDA-A342-12CA291367E7}.Release|Any CPU.ActiveCfg = Release|Any CPU
		{7D6B62B6-D331-4EDA-A342-12CA291367E7}.Release|Any CPU.Build.0 = Release|Any CPU
		{5C06F9F5-17CF-456F-BDCF-989CB34EC89C}.Debug|Any CPU.ActiveCfg = Debug|Any CPU
		{5C06F9F5-17CF-456F-BDCF-989CB34EC89C}.Debug|Any CPU.Build.0 = Debug|Any CPU
		{5C06F9F5-17CF-456F-BDCF-989CB34EC89C}.Release|Any CPU.ActiveCfg = Release|Any CPU
		{5C06F9F5-17CF-456F-BDCF-989CB34EC89C}.Release|Any CPU.Build.0 = Release|Any CPU
		{EAFFD6D8-37F2-44EC-8521-916741F78D5D}.Debug|Any CPU.ActiveCfg = Debug|Any CPU
		{EAFFD6D8-37F2-44EC-8521-916741F78D5D}.Debug|Any CPU.Build.0 = Debug|Any CPU
		{EAFFD6D8-37F2-44EC-8521-916741F78D5D}.Release|Any CPU.ActiveCfg = Release|Any CPU
		{EAFFD6D8-37F2-44EC-8521-916741F78D5D}.Release|Any CPU.Build.0 = Release|Any CPU
		{C415F62B-7D20-4DAD-9365-D8F7154D97A3}.Debug|Any CPU.ActiveCfg = Debug|Any CPU
		{C415F62B-7D20-4DAD-9365-D8F7154D97A3}.Debug|Any CPU.Build.0 = Debug|Any CPU
		{C415F62B-7D20-4DAD-9365-D8F7154D97A3}.Release|Any CPU.ActiveCfg = Release|Any CPU
		{C415F62B-7D20-4DAD-9365-D8F7154D97A3}.Release|Any CPU.Build.0 = Release|Any CPU
		{49D1B845-A5DF-4DA9-880B-CB6D4F4698FB}.Debug|Any CPU.ActiveCfg = Debug|Any CPU
		{49D1B845-A5DF-4DA9-880B-CB6D4F4698FB}.Debug|Any CPU.Build.0 = Debug|Any CPU
		{49D1B845-A5DF-4DA9-880B-CB6D4F4698FB}.Release|Any CPU.ActiveCfg = Release|Any CPU
		{49D1B845-A5DF-4DA9-880B-CB6D4F4698FB}.Release|Any CPU.Build.0 = Release|Any CPU
		{2884C3D6-4E5D-44C1-A70B-4517A05F5783}.Debug|Any CPU.ActiveCfg = Debug|Any CPU
		{2884C3D6-4E5D-44C1-A70B-4517A05F5783}.Debug|Any CPU.Build.0 = Debug|Any CPU
		{2884C3D6-4E5D-44C1-A70B-4517A05F5783}.Release|Any CPU.ActiveCfg = Release|Any CPU
		{2884C3D6-4E5D-44C1-A70B-4517A05F5783}.Release|Any CPU.Build.0 = Release|Any CPU
		{6D318B8D-3D6B-4F1B-941D-BE96320F4AD2}.Debug|Any CPU.ActiveCfg = Debug|Any CPU
		{6D318B8D-3D6B-4F1B-941D-BE96320F4AD2}.Debug|Any CPU.Build.0 = Debug|Any CPU
		{6D318B8D-3D6B-4F1B-941D-BE96320F4AD2}.Release|Any CPU.ActiveCfg = Release|Any CPU
		{6D318B8D-3D6B-4F1B-941D-BE96320F4AD2}.Release|Any CPU.Build.0 = Release|Any CPU
		{142C6441-2437-4340-AF49-403AF6785340}.Debug|Any CPU.ActiveCfg = Debug|Any CPU
		{142C6441-2437-4340-AF49-403AF6785340}.Debug|Any CPU.Build.0 = Debug|Any CPU
		{142C6441-2437-4340-AF49-403AF6785340}.Release|Any CPU.ActiveCfg = Release|Any CPU
		{142C6441-2437-4340-AF49-403AF6785340}.Release|Any CPU.Build.0 = Release|Any CPU
		{B4AADC13-04FA-4DCB-BB7A-24804605AF4F}.Debug|Any CPU.ActiveCfg = Debug|Any CPU
		{B4AADC13-04FA-4DCB-BB7A-24804605AF4F}.Debug|Any CPU.Build.0 = Debug|Any CPU
		{B4AADC13-04FA-4DCB-BB7A-24804605AF4F}.Release|Any CPU.ActiveCfg = Release|Any CPU
		{B4AADC13-04FA-4DCB-BB7A-24804605AF4F}.Release|Any CPU.Build.0 = Release|Any CPU
		{0BECF84A-B0A0-4127-92DA-24E1C6671FBC}.Debug|Any CPU.ActiveCfg = Debug|Any CPU
		{0BECF84A-B0A0-4127-92DA-24E1C6671FBC}.Debug|Any CPU.Build.0 = Debug|Any CPU
		{0BECF84A-B0A0-4127-92DA-24E1C6671FBC}.Release|Any CPU.ActiveCfg = Release|Any CPU
		{0BECF84A-B0A0-4127-92DA-24E1C6671FBC}.Release|Any CPU.Build.0 = Release|Any CPU
		{B10EA37D-D0A7-4757-A69E-422C68B4C4AE}.Debug|Any CPU.ActiveCfg = Debug|Any CPU
		{B10EA37D-D0A7-4757-A69E-422C68B4C4AE}.Debug|Any CPU.Build.0 = Debug|Any CPU
		{B10EA37D-D0A7-4757-A69E-422C68B4C4AE}.Release|Any CPU.ActiveCfg = Release|Any CPU
		{B10EA37D-D0A7-4757-A69E-422C68B4C4AE}.Release|Any CPU.Build.0 = Release|Any CPU
	EndGlobalSection
	GlobalSection(SolutionProperties) = preSolution
		HideSolutionNode = FALSE
	EndGlobalSection
	GlobalSection(NestedProjects) = preSolution
		{D22B94BA-C2D7-477C-8A74-8AA75BEDA0E8} = {9C6A17A5-D6B9-44BE-9574-5D2DC0AA6395}
		{70888A55-D50B-4C6F-857B-7AC5943ADDD1} = {9C6A17A5-D6B9-44BE-9574-5D2DC0AA6395}
		{7D6B62B6-D331-4EDA-A342-12CA291367E7} = {9C6A17A5-D6B9-44BE-9574-5D2DC0AA6395}
		{AF37F46B-AAD3-4D4F-A156-6E7697271B15} = {7481C4A2-1668-49D9-B2DF-23321B6226E6}
		{5C06F9F5-17CF-456F-BDCF-989CB34EC89C} = {AF37F46B-AAD3-4D4F-A156-6E7697271B15}
		{439115CB-87E2-4D82-8D4E-85A12919CCD6} = {7481C4A2-1668-49D9-B2DF-23321B6226E6}
		{EAFFD6D8-37F2-44EC-8521-916741F78D5D} = {439115CB-87E2-4D82-8D4E-85A12919CCD6}
		{DE13538E-ABE7-417F-B453-7AF107A918CB} = {7481C4A2-1668-49D9-B2DF-23321B6226E6}
		{C415F62B-7D20-4DAD-9365-D8F7154D97A3} = {DE13538E-ABE7-417F-B453-7AF107A918CB}
		{49D1B845-A5DF-4DA9-880B-CB6D4F4698FB} = {AF37F46B-AAD3-4D4F-A156-6E7697271B15}
		{2884C3D6-4E5D-44C1-A70B-4517A05F5783} = {439115CB-87E2-4D82-8D4E-85A12919CCD6}
		{6D318B8D-3D6B-4F1B-941D-BE96320F4AD2} = {9C6A17A5-D6B9-44BE-9574-5D2DC0AA6395}
		{142C6441-2437-4340-AF49-403AF6785340} = {9C6A17A5-D6B9-44BE-9574-5D2DC0AA6395}
		{B4AADC13-04FA-4DCB-BB7A-24804605AF4F} = {9C6A17A5-D6B9-44BE-9574-5D2DC0AA6395}
		{0BECF84A-B0A0-4127-92DA-24E1C6671FBC} = {439115CB-87E2-4D82-8D4E-85A12919CCD6}
		{B10EA37D-D0A7-4757-A69E-422C68B4C4AE} = {439115CB-87E2-4D82-8D4E-85A12919CCD6}
	EndGlobalSection
EndGlobal
